
Microsoft Visual Studio Solution File, Format Version 12.00
# Visual Studio Version 17
VisualStudioVersion = 17.3.32901.215
MinimumVisualStudioVersion = 10.0.40219.1
Project("{FAE04EC0-301F-11D3-BF4B-00C04F79EFBC}") = "CrudNet", "CrudNet.csproj", "{C6F16285-DD68-4F1C-BC07-FA0B598EB5D9}"
EndProject
Global
	GlobalSection(SolutionConfigurationPlatforms) = preSolution
		Debug|Any CPU = Debug|Any CPU
		Release|Any CPU = Release|Any CPU
	EndGlobalSection
	GlobalSection(ProjectConfigurationPlatforms) = postSolution
		{C6F16285-DD68-4F1C-BC07-FA0B598EB5D9}.Debug|Any CPU.ActiveCfg = Debug|Any CPU
		{C6F16285-DD68-4F1C-BC07-FA0B598EB5D9}.Debug|Any CPU.Build.0 = Debug|Any CPU
		{C6F16285-DD68-4F1C-BC07-FA0B598EB5D9}.Release|Any CPU.ActiveCfg = Release|Any CPU
		{C6F16285-DD68-4F1C-BC07-FA0B598EB5D9}.Release|Any CPU.Build.0 = Release|Any CPU
	EndGlobalSection
	GlobalSection(SolutionProperties) = preSolution
		HideSolutionNode = FALSE
	EndGlobalSection
	GlobalSection(ExtensibilityGlobals) = postSolution
		SolutionGuid = {E081AF40-88C2-4D09-A566-2918D5C5F048}
	EndGlobalSection
EndGlobal
